
Microsoft Visual Studio Solution File, Format Version 12.00
# Visual Studio Version 16
VisualStudioVersion = 16.0.31025.194
MinimumVisualStudioVersion = 10.0.40219.1
Project("{9A19103F-16F7-4668-BE54-9A1E7A4F7556}") = "BookListRazor", "BookListRazor\BookListRazor.csproj", "{BA5AF1A7-39B2-4188-9D18-9F2428D03A1D}"
EndProject
Global
	GlobalSection(SolutionConfigurationPlatforms) = preSolution
		Debug|Any CPU = Debug|Any CPU
		Release|Any CPU = Release|Any CPU
	EndGlobalSection
	GlobalSection(ProjectConfigurationPlatforms) = postSolution
		{BA5AF1A7-39B2-4188-9D18-9F2428D03A1D}.Debug|Any CPU.ActiveCfg = Debug|Any CPU
		{BA5AF1A7-39B2-4188-9D18-9F2428D03A1D}.Debug|Any CPU.Build.0 = Debug|Any CPU
		{BA5AF1A7-39B2-4188-9D18-9F2428D03A1D}.Release|Any CPU.ActiveCfg = Release|Any CPU
		{BA5AF1A7-39B2-4188-9D18-9F2428D03A1D}.Release|Any CPU.Build.0 = Release|Any CPU
	EndGlobalSection
	GlobalSection(SolutionProperties) = preSolution
		HideSolutionNode = FALSE
	EndGlobalSection
	GlobalSection(ExtensibilityGlobals) = postSolution
		SolutionGuid = {D5450B2A-C850-4661-B72E-41F77C4244A5}
	EndGlobalSection
EndGlobal
